
Microsoft Visual Studio Solution File, Format Version 12.00
# Visual Studio Version 17
VisualStudioVersion = 17.0.31903.59
MinimumVisualStudioVersion = 10.0.40219.1
Project("{2150E333-8FDC-42A3-9474-1A3956D46DE8}") = "src", "src", "{C42F41A7-CCD0-47E8-8840-7EBB066F6158}"
EndProject
Project("{2150E333-8FDC-42A3-9474-1A3956D46DE8}") = "Domain", "Domain", "{7634CC36-DB5A-47A0-8F34-DF06652A2AE8}"
EndProject
Project("{FAE04EC0-301F-11D3-BF4B-00C04F79EFBC}") = "Redplcs.Wizardsoft.Domain", "src\Domain\src\Redplcs.Wizardsoft.Domain.csproj", "{947AA697-9A2C-4104-935A-510AEC253353}"
EndProject
Project("{2150E333-8FDC-42A3-9474-1A3956D46DE8}") = "Database", "Database", "{1B6693F5-DE72-4313-AC1C-0B7A386F3C83}"
EndProject
Project("{FAE04EC0-301F-11D3-BF4B-00C04F79EFBC}") = "Redplcs.Wizardsoft.Database", "src\Database\src\Redplcs.Wizardsoft.Database.csproj", "{5A52B4B0-CFA6-4452-B1D3-707F764B6E96}"
EndProject
Project("{2150E333-8FDC-42A3-9474-1A3956D46DE8}") = "Application", "Application", "{6F22F566-E007-4C80-84D3-104B41A78C83}"
EndProject
Project("{FAE04EC0-301F-11D3-BF4B-00C04F79EFBC}") = "Redplcs.Wizardsoft.Application", "src\Application\src\Redplcs.Wizardsoft.Application.csproj", "{85117183-5C11-457D-8A30-8CD566D778CF}"
EndProject
Global
	GlobalSection(SolutionConfigurationPlatforms) = preSolution
		Debug|Any CPU = Debug|Any CPU
		Release|Any CPU = Release|Any CPU
	EndGlobalSection
	GlobalSection(SolutionProperties) = preSolution
		HideSolutionNode = FALSE
	EndGlobalSection
	GlobalSection(ProjectConfigurationPlatforms) = postSolution
		{947AA697-9A2C-4104-935A-510AEC253353}.Debug|Any CPU.ActiveCfg = Debug|Any CPU
		{947AA697-9A2C-4104-935A-510AEC253353}.Debug|Any CPU.Build.0 = Debug|Any CPU
		{947AA697-9A2C-4104-935A-510AEC253353}.Release|Any CPU.ActiveCfg = Release|Any CPU
		{947AA697-9A2C-4104-935A-510AEC253353}.Release|Any CPU.Build.0 = Release|Any CPU
		{5A52B4B0-CFA6-4452-B1D3-707F764B6E96}.Debug|Any CPU.ActiveCfg = Debug|Any CPU
		{5A52B4B0-CFA6-4452-B1D3-707F764B6E96}.Debug|Any CPU.Build.0 = Debug|Any CPU
		{5A52B4B0-CFA6-4452-B1D3-707F764B6E96}.Release|Any CPU.ActiveCfg = Release|Any CPU
		{5A52B4B0-CFA6-4452-B1D3-707F764B6E96}.Release|Any CPU.Build.0 = Release|Any CPU
		{85117183-5C11-457D-8A30-8CD566D778CF}.Debug|Any CPU.ActiveCfg = Debug|Any CPU
		{85117183-5C11-457D-8A30-8CD566D778CF}.Debug|Any CPU.Build.0 = Debug|Any CPU
		{85117183-5C11-457D-8A30-8CD566D778CF}.Release|Any CPU.ActiveCfg = Release|Any CPU
		{85117183-5C11-457D-8A30-8CD566D778CF}.Release|Any CPU.Build.0 = Release|Any CPU
	EndGlobalSection
	GlobalSection(NestedProjects) = preSolution
		{7634CC36-DB5A-47A0-8F34-DF06652A2AE8} = {C42F41A7-CCD0-47E8-8840-7EBB066F6158}
		{947AA697-9A2C-4104-935A-510AEC253353} = {7634CC36-DB5A-47A0-8F34-DF06652A2AE8}
		{1B6693F5-DE72-4313-AC1C-0B7A386F3C83} = {C42F41A7-CCD0-47E8-8840-7EBB066F6158}
		{5A52B4B0-CFA6-4452-B1D3-707F764B6E96} = {1B6693F5-DE72-4313-AC1C-0B7A386F3C83}
		{6F22F566-E007-4C80-84D3-104B41A78C83} = {C42F41A7-CCD0-47E8-8840-7EBB066F6158}
		{85117183-5C11-457D-8A30-8CD566D778CF} = {6F22F566-E007-4C80-84D3-104B41A78C83}
	EndGlobalSection
EndGlobal
